{
  "name": "g2npc_designer",
  "version": "0.1.0",
  "lockfileVersion": 1,
  "requires": true,
  "dependencies": {
    "bootstrap": {
      "version": "4.1.1",
      "resolved": "https://registry.npmjs.org/bootstrap/-/bootstrap-4.1.1.tgz",
      "integrity": "sha512-SpiDSOcbg4J/PjVSt4ny5eY6j74VbVSjROY4Fb/WIUXBV9cnb5luyR4KnPvNoXuGnBK1T+nJIWqRsvU3yP8Mcg=="
    },
    "canvas-pixels": {
      "version": "0.0.0",
      "resolved": "https://registry.npmjs.org/canvas-pixels/-/canvas-pixels-0.0.0.tgz",
      "integrity": "sha1-y6PCQsfYPDu5+wHjDJjlLE7X6Cg="
    },
    "dtype": {
      "version": "0.1.0",
      "resolved": "https://registry.npmjs.org/dtype/-/dtype-0.1.0.tgz",
      "integrity": "sha1-GDnvdC5tS+rB5e81Dv8ESCXhaIo="
    },
    "gl-gif": {
      "version": "3.1.0",
      "resolved": "https://registry.npmjs.org/gl-gif/-/gl-gif-3.1.0.tgz",
      "integrity": "sha1-E76UoMxoRacDM2l1/lpxiQyYPtU=",
      "requires": {
        "canvas-pixels": "0.0.0",
        "tab64": "0.0.1"
      }
    },
    "tab64": {
      "version": "0.0.1",
      "resolved": "https://registry.npmjs.org/tab64/-/tab64-0.0.1.tgz",
      "integrity": "sha1-WTKtEnLFa+0L27WdfeD0J8bKsps=",
      "requires": {
        "dtype": "0.1.0"
      }
    }
  }
}
